{
  "version": "3",
  "remote": {
    "https://edge.netlify.com/": "ff84a16f192fdb43db8b9dff869889f555c05857d075044d2a7cfa54c283a0a0",
    "https://edge.netlify.com/bootstrap/config.ts": "0aa0a225d978b89e0e62cbd853701605199e7a84095e55eeb70147faf1a24803",
    "https://edge.netlify.com/bootstrap/context.ts": "f8392d0bfc4a345f0508157a9ed1a8b0ac832275e5ae6fe9301a8268fbfeb0b5",
    "https://edge.netlify.com/bootstrap/cookie.ts": "8b0baae708989ca183c6f3b4ab3d029e6abcbc2e43f93edeb0ff447b3bbc3a05",
    "https://edge.netlify.com/bootstrap/edge_function.ts": "b8253e86aa83c67341f5cfedeba5049d77fbf84dcab7eceff7566b7728ae9b39",
    "https://edge.netlify.com/bootstrap/globals.ts": "38f9e0be6c2c78206bf14d2387d41964d38bbe81644b3668e203c6f6473408a7"
  },
  "workspace": {
    "packageJson": {
      "dependencies": [
        "npm:@babel/plugin-proposal-private-property-in-object@^7.21.11",
        "npm:@craco/craco@^7.1.0",
        "npm:@emailjs/browser@^3.11.0",
        "npm:@netlify/functions@^2.8.1",
        "npm:@sendgrid/mail@^7.7.0",
        "npm:@testing-library/jest-dom@^5.16.5",
        "npm:@testing-library/react@^13.4.0",
        "npm:@testing-library/user-event@^13.5.0",
        "npm:animate.css@^4.1.1",
        "npm:axios@^1.4.0",
        "npm:body-parser@^1.20.2",
        "npm:bootstrap@^5.3.0",
        "npm:cors@^2.8.5",
        "npm:crypto-browserify@^3.12.0",
        "npm:dotenv@^16.3.1",
        "npm:express-rate-limit@^7.1.4",
        "npm:express-validator@^7.0.1",
        "npm:express@^4.18.2",
        "npm:font-awesome@^4.7.0",
        "npm:framer-motion@^11.2.12",
        "npm:helmet@^7.1.0",
        "npm:nodemailer@^6.9.4",
        "npm:nodemon@^3.0.1",
        "npm:os-browserify@^0.3.0",
        "npm:path-browserify@^1.0.1",
        "npm:path@^0.12.7",
        "npm:react-bootstrap-icons@^1.10.3",
        "npm:react-bootstrap@^2.8.0",
        "npm:react-dom@^18.2.0",
        "npm:react-icons@^4.10.1",
        "npm:react-router-dom@^6.14.1",
        "npm:react-scripts@5.0.1",
        "npm:react@^18.2.0",
        "npm:styled-components@^6.1.11",
        "npm:web-vitals@^2.1.4"
      ]
    }
  }
}
